
Microsoft Visual Studio Solution File, Format Version 12.00
# Visual Studio Version 17
VisualStudioVersion = 17.7.34202.233
MinimumVisualStudioVersion = 10.0.40219.1
Project("{9A19103F-16F7-4668-BE54-9A1E7A4F7556}") = "AiboteDotNet.Core", "AiboteDotNet.Core\AiboteDotNet.Core.csproj", "{D25BD9E4-E9A3-42B8-822A-D559092AEA99}"
EndProject
Project("{9A19103F-16F7-4668-BE54-9A1E7A4F7556}") = "AiboteNotNet.App", "AiboteNotNet.App\AiboteNotNet.App.csproj", "{83809FA8-1D5E-4C31-AC80-B9DB6D35ECDB}"
EndProject
Project("{9A19103F-16F7-4668-BE54-9A1E7A4F7556}") = "AiboteDotNet.AndroidBot", "AiboteDotNet.AndroidBot\AiboteDotNet.AndroidBot.csproj", "{20C3D237-D833-4D34-9F67-19A36F5DE62B}"
EndProject
Project("{FAE04EC0-301F-11D3-BF4B-00C04F79EFBC}") = "AiboteDotNet.WindowsBot", "AiboteDotNet.WindowsBot\AiboteDotNet.WindowsBot.csproj", "{A2AEB81E-98BB-47F0-867B-0F7B9786B6E4}"
EndProject
Project("{FAE04EC0-301F-11D3-BF4B-00C04F79EFBC}") = "AiboteDotNet.WebBot", "AiboteDotNet.WebBot\AiboteDotNet.WebBot.csproj", "{C65B226E-C4C0-43E3-869B-38F52DFFAF1A}"
EndProject
Global
	GlobalSection(SolutionConfigurationPlatforms) = preSolution
		Debug|Any CPU = Debug|Any CPU
		Release|Any CPU = Release|Any CPU
	EndGlobalSection
	GlobalSection(ProjectConfigurationPlatforms) = postSolution
		{D25BD9E4-E9A3-42B8-822A-D559092AEA99}.Debug|Any CPU.ActiveCfg = Debug|Any CPU
		{D25BD9E4-E9A3-42B8-822A-D559092AEA99}.Debug|Any CPU.Build.0 = Debug|Any CPU
		{D25BD9E4-E9A3-42B8-822A-D559092AEA99}.Release|Any CPU.ActiveCfg = Release|Any CPU
		{D25BD9E4-E9A3-42B8-822A-D559092AEA99}.Release|Any CPU.Build.0 = Release|Any CPU
		{83809FA8-1D5E-4C31-AC80-B9DB6D35ECDB}.Debug|Any CPU.ActiveCfg = Debug|Any CPU
		{83809FA8-1D5E-4C31-AC80-B9DB6D35ECDB}.Debug|Any CPU.Build.0 = Debug|Any CPU
		{83809FA8-1D5E-4C31-AC80-B9DB6D35ECDB}.Release|Any CPU.ActiveCfg = Release|Any CPU
		{83809FA8-1D5E-4C31-AC80-B9DB6D35ECDB}.Release|Any CPU.Build.0 = Release|Any CPU
		{20C3D237-D833-4D34-9F67-19A36F5DE62B}.Debug|Any CPU.ActiveCfg = Debug|Any CPU
		{20C3D237-D833-4D34-9F67-19A36F5DE62B}.Debug|Any CPU.Build.0 = Debug|Any CPU
		{20C3D237-D833-4D34-9F67-19A36F5DE62B}.Release|Any CPU.ActiveCfg = Release|Any CPU
		{20C3D237-D833-4D34-9F67-19A36F5DE62B}.Release|Any CPU.Build.0 = Release|Any CPU
		{A2AEB81E-98BB-47F0-867B-0F7B9786B6E4}.Debug|Any CPU.ActiveCfg = Debug|Any CPU
		{A2AEB81E-98BB-47F0-867B-0F7B9786B6E4}.Debug|Any CPU.Build.0 = Debug|Any CPU
		{A2AEB81E-98BB-47F0-867B-0F7B9786B6E4}.Release|Any CPU.ActiveCfg = Release|Any CPU
		{A2AEB81E-98BB-47F0-867B-0F7B9786B6E4}.Release|Any CPU.Build.0 = Release|Any CPU
		{C65B226E-C4C0-43E3-869B-38F52DFFAF1A}.Debug|Any CPU.ActiveCfg = Debug|Any CPU
		{C65B226E-C4C0-43E3-869B-38F52DFFAF1A}.Debug|Any CPU.Build.0 = Debug|Any CPU
		{C65B226E-C4C0-43E3-869B-38F52DFFAF1A}.Release|Any CPU.ActiveCfg = Release|Any CPU
		{C65B226E-C4C0-43E3-869B-38F52DFFAF1A}.Release|Any CPU.Build.0 = Release|Any CPU
	EndGlobalSection
	GlobalSection(SolutionProperties) = preSolution
		HideSolutionNode = FALSE
	EndGlobalSection
	GlobalSection(ExtensibilityGlobals) = postSolution
		SolutionGuid = {F6235375-4473-4C7C-939E-E07E58EE5BC3}
	EndGlobalSection
EndGlobal
